// !$*UTF8*$!
{
	archiveVersion = 1;
	classes = {
	};
	objectVersion = 56;
	objects = {

/* Begin PBXBuildFile section */
		4A21FF892A954FD60053D7E1 /* ShowCatDetailsView.swift in Sources */ = {isa = PBXBuildFile; fileRef = 4A21FF882A954FD60053D7E1 /* ShowCatDetailsView.swift */; };
		4A3D2E402AA8F44B00B372F8 /* PetVaccineModel.swift in Sources */ = {isa = PBXBuildFile; fileRef = 4A3D2E3F2AA8F44A00B372F8 /* PetVaccineModel.swift */; };
		4A3D2E432AA8F54000B372F8 /* Vaccine+CoreDataClass.swift in Sources */ = {isa = PBXBuildFile; fileRef = 4A3D2E412AA8F54000B372F8 /* Vaccine+CoreDataClass.swift */; };
		4A3D2E442AA8F54000B372F8 /* Vaccine+CoreDataProperties.swift in Sources */ = {isa = PBXBuildFile; fileRef = 4A3D2E422AA8F54000B372F8 /* Vaccine+CoreDataProperties.swift */; };
		4A3D2E462AA8F55A00B372F8 /* CatVaccines.swift in Sources */ = {isa = PBXBuildFile; fileRef = 4A3D2E452AA8F55A00B372F8 /* CatVaccines.swift */; };
		4A490ADF2A9CF97D00605AC1 /* RandomCatModel.swift in Sources */ = {isa = PBXBuildFile; fileRef = 4A490ADE2A9CF97D00605AC1 /* RandomCatModel.swift */; };
		4A490AE12A9CFDD200605AC1 /* RandomCatViewModel.swift in Sources */ = {isa = PBXBuildFile; fileRef = 4A490AE02A9CFDD200605AC1 /* RandomCatViewModel.swift */; };
		4A490AE42A9CFE8C00605AC1 /* Decoder.swift in Sources */ = {isa = PBXBuildFile; fileRef = 4A490AE32A9CFE8C00605AC1 /* Decoder.swift */; };
		4A490AE62A9CFEA800605AC1 /* NetworkManager.swift in Sources */ = {isa = PBXBuildFile; fileRef = 4A490AE52A9CFEA800605AC1 /* NetworkManager.swift */; };
		4A597F922AA68600009FE392 /* CatTagViewModel.swift in Sources */ = {isa = PBXBuildFile; fileRef = 4A597F912AA68600009FE392 /* CatTagViewModel.swift */; };
		4A597F942AA68824009FE392 /* CatTagModel.swift in Sources */ = {isa = PBXBuildFile; fileRef = 4A597F932AA68824009FE392 /* CatTagModel.swift */; };
		4A6963B42A97D2DE00EC5049 /* Cat.swift in Sources */ = {isa = PBXBuildFile; fileRef = 4A6963B32A97D2DE00EC5049 /* Cat.swift */; };
		4A6963B62A97D2FD00EC5049 /* CatObject+Extension.swift in Sources */ = {isa = PBXBuildFile; fileRef = 4A6963B52A97D2FD00EC5049 /* CatObject+Extension.swift */; };
		4A701C8F2A93BB9100CFB002 /* CatCardContainerView.swift in Sources */ = {isa = PBXBuildFile; fileRef = 4A701C8E2A93BB9100CFB002 /* CatCardContainerView.swift */; };
		4A701C912A93BB9900CFB002 /* CatCardView.swift in Sources */ = {isa = PBXBuildFile; fileRef = 4A701C902A93BB9900CFB002 /* CatCardView.swift */; };
		4A80BDAB2AB10F8E00BEFEB0 /* CatCardContainerViewModel.swift in Sources */ = {isa = PBXBuildFile; fileRef = 4A80BDAA2AB10F8E00BEFEB0 /* CatCardContainerViewModel.swift */; };
		4A80BDB12AB125C700BEFEB0 /* CatListViewModel.swift in Sources */ = {isa = PBXBuildFile; fileRef = 4A80BDB02AB125C700BEFEB0 /* CatListViewModel.swift */; };
		4A80BDB32AB1348300BEFEB0 /* UpdateCatViewModel.swift in Sources */ = {isa = PBXBuildFile; fileRef = 4A80BDB22AB1348300BEFEB0 /* UpdateCatViewModel.swift */; };
		4A8D85D72A8E95F4007A7F7C /* CatDetailsView.swift in Sources */ = {isa = PBXBuildFile; fileRef = 4A8D85D62A8E95F4007A7F7C /* CatDetailsView.swift */; };
		4A8D85DB2A8EAD7A007A7F7C /* PetModel.swift in Sources */ = {isa = PBXBuildFile; fileRef = 4A8D85DA2A8EAD7A007A7F7C /* PetModel.swift */; };
		4A8D85DD2A8EAE7F007A7F7C /* CatDetailViewModel.swift in Sources */ = {isa = PBXBuildFile; fileRef = 4A8D85DC2A8EAE7F007A7F7C /* CatDetailViewModel.swift */; };
		4A8D85DF2A8EBECC007A7F7C /* PhotoPicker.swift in Sources */ = {isa = PBXBuildFile; fileRef = 4A8D85DE2A8EBECC007A7F7C /* PhotoPicker.swift */; };
		4A9401792A93CEC900509779 /* CatAPP.xcdatamodeld in Sources */ = {isa = PBXBuildFile; fileRef = 4A9401772A93CEC900509779 /* CatAPP.xcdatamodeld */; };
		4A94017B2A93CF5100509779 /* CoreDataManager.swift in Sources */ = {isa = PBXBuildFile; fileRef = 4A94017A2A93CF5100509779 /* CoreDataManager.swift */; };
		4ACB9C542AA0F36800972680 /* CatBreeds.swift in Sources */ = {isa = PBXBuildFile; fileRef = 4ACB9C532AA0F36800972680 /* CatBreeds.swift */; };
		4ACEA5512A9D07A500596968 /* EndpointBuilder.swift in Sources */ = {isa = PBXBuildFile; fileRef = 4ACEA5502A9D07A500596968 /* EndpointBuilder.swift */; };
		4ACEA5582A9E449700596968 /* NetworkMonitor.swift in Sources */ = {isa = PBXBuildFile; fileRef = 4ACEA5572A9E449700596968 /* NetworkMonitor.swift */; };
		4ACEA55A2A9E45E700596968 /* NoInternetView.swift in Sources */ = {isa = PBXBuildFile; fileRef = 4ACEA5592A9E45E700596968 /* NoInternetView.swift */; };
		4AD5903F2AA2646E00717328 /* InfiniteScrollingView.swift in Sources */ = {isa = PBXBuildFile; fileRef = 4AD5903E2AA2646E00717328 /* InfiniteScrollingView.swift */; };
		4AEBF0022A8BD3DB00A6DBF7 /* CatAPPApp.swift in Sources */ = {isa = PBXBuildFile; fileRef = 4AEBF0012A8BD3DB00A6DBF7 /* CatAPPApp.swift */; };
		4AEBF0042A8BD3DB00A6DBF7 /* ContentView.swift in Sources */ = {isa = PBXBuildFile; fileRef = 4AEBF0032A8BD3DB00A6DBF7 /* ContentView.swift */; };
		4AEBF0062A8BD3DD00A6DBF7 /* Assets.xcassets in Resources */ = {isa = PBXBuildFile; fileRef = 4AEBF0052A8BD3DD00A6DBF7 /* Assets.xcassets */; };
		4AEBF0092A8BD3DD00A6DBF7 /* Preview Assets.xcassets in Resources */ = {isa = PBXBuildFile; fileRef = 4AEBF0082A8BD3DD00A6DBF7 /* Preview Assets.xcassets */; };
		4AEBF0212A8D2A8D00A6DBF7 /* TabNavigationView.swift in Sources */ = {isa = PBXBuildFile; fileRef = 4AEBF0202A8D2A8D00A6DBF7 /* TabNavigationView.swift */; };
		4AEBF0232A8D2A9D00A6DBF7 /* CatView.swift in Sources */ = {isa = PBXBuildFile; fileRef = 4AEBF0222A8D2A9D00A6DBF7 /* CatView.swift */; };
		4AEBF0252A8D2AA400A6DBF7 /* RandomCatView.swift in Sources */ = {isa = PBXBuildFile; fileRef = 4AEBF0242A8D2AA400A6DBF7 /* RandomCatView.swift */; };
		4AEBF0272A8D2B5E00A6DBF7 /* Constants.swift in Sources */ = {isa = PBXBuildFile; fileRef = 4AEBF0262A8D2B5E00A6DBF7 /* Constants.swift */; };
/* End PBXBuildFile section */

/* Begin PBXFileReference section */
		4A21FF882A954FD60053D7E1 /* ShowCatDetailsView.swift */ = {isa = PBXFileReference; lastKnownFileType = sourcecode.swift; path = ShowCatDetailsView.swift; sourceTree = "<group>"; };
		4A3D2E3F2AA8F44A00B372F8 /* PetVaccineModel.swift */ = {isa = PBXFileReference; fileEncoding = 4; lastKnownFileType = sourcecode.swift; path = PetVaccineModel.swift; sourceTree = "<group>"; };
		4A3D2E412AA8F54000B372F8 /* Vaccine+CoreDataClass.swift */ = {isa = PBXFileReference; fileEncoding = 4; lastKnownFileType = sourcecode.swift; path = "Vaccine+CoreDataClass.swift"; sourceTree = "<group>"; };
		4A3D2E422AA8F54000B372F8 /* Vaccine+CoreDataProperties.swift */ = {isa = PBXFileReference; fileEncoding = 4; lastKnownFileType = sourcecode.swift; path = "Vaccine+CoreDataProperties.swift"; sourceTree = "<group>"; };
		4A3D2E452AA8F55A00B372F8 /* CatVaccines.swift */ = {isa = PBXFileReference; fileEncoding = 4; lastKnownFileType = sourcecode.swift; path = CatVaccines.swift; sourceTree = "<group>"; };
		4A490ADE2A9CF97D00605AC1 /* RandomCatModel.swift */ = {isa = PBXFileReference; lastKnownFileType = sourcecode.swift; path = RandomCatModel.swift; sourceTree = "<group>"; };
		4A490AE02A9CFDD200605AC1 /* RandomCatViewModel.swift */ = {isa = PBXFileReference; lastKnownFileType = sourcecode.swift; path = RandomCatViewModel.swift; sourceTree = "<group>"; };
		4A490AE32A9CFE8C00605AC1 /* Decoder.swift */ = {isa = PBXFileReference; lastKnownFileType = sourcecode.swift; path = Decoder.swift; sourceTree = "<group>"; };
		4A490AE52A9CFEA800605AC1 /* NetworkManager.swift */ = {isa = PBXFileReference; lastKnownFileType = sourcecode.swift; path = NetworkManager.swift; sourceTree = "<group>"; };
		4A597F912AA68600009FE392 /* CatTagViewModel.swift */ = {isa = PBXFileReference; lastKnownFileType = sourcecode.swift; path = CatTagViewModel.swift; sourceTree = "<group>"; };
		4A597F932AA68824009FE392 /* CatTagModel.swift */ = {isa = PBXFileReference; lastKnownFileType = sourcecode.swift; path = CatTagModel.swift; sourceTree = "<group>"; };
		4A6963B32A97D2DE00EC5049 /* Cat.swift */ = {isa = PBXFileReference; lastKnownFileType = sourcecode.swift; path = Cat.swift; sourceTree = "<group>"; };
		4A6963B52A97D2FD00EC5049 /* CatObject+Extension.swift */ = {isa = PBXFileReference; lastKnownFileType = sourcecode.swift; path = "CatObject+Extension.swift"; sourceTree = "<group>"; };
		4A701C8E2A93BB9100CFB002 /* CatCardContainerView.swift */ = {isa = PBXFileReference; fileEncoding = 4; lastKnownFileType = sourcecode.swift; path = CatCardContainerView.swift; sourceTree = "<group>"; };
		4A701C902A93BB9900CFB002 /* CatCardView.swift */ = {isa = PBXFileReference; fileEncoding = 4; lastKnownFileType = sourcecode.swift; path = CatCardView.swift; sourceTree = "<group>"; };
		4A80BDAA2AB10F8E00BEFEB0 /* CatCardContainerViewModel.swift */ = {isa = PBXFileReference; lastKnownFileType = sourcecode.swift; path = CatCardContainerViewModel.swift; sourceTree = "<group>"; };
		4A80BDB02AB125C700BEFEB0 /* CatListViewModel.swift */ = {isa = PBXFileReference; lastKnownFileType = sourcecode.swift; path = CatListViewModel.swift; sourceTree = "<group>"; };
		4A80BDB22AB1348300BEFEB0 /* UpdateCatViewModel.swift */ = {isa = PBXFileReference; lastKnownFileType = sourcecode.swift; path = UpdateCatViewModel.swift; sourceTree = "<group>"; };
		4A8D85D62A8E95F4007A7F7C /* CatDetailsView.swift */ = {isa = PBXFileReference; lastKnownFileType = sourcecode.swift; path = CatDetailsView.swift; sourceTree = "<group>"; };
		4A8D85DA2A8EAD7A007A7F7C /* PetModel.swift */ = {isa = PBXFileReference; lastKnownFileType = sourcecode.swift; path = PetModel.swift; sourceTree = "<group>"; };
		4A8D85DC2A8EAE7F007A7F7C /* CatDetailViewModel.swift */ = {isa = PBXFileReference; lastKnownFileType = sourcecode.swift; path = CatDetailViewModel.swift; sourceTree = "<group>"; };
		4A8D85DE2A8EBECC007A7F7C /* PhotoPicker.swift */ = {isa = PBXFileReference; lastKnownFileType = sourcecode.swift; path = PhotoPicker.swift; sourceTree = "<group>"; };
		4A9401782A93CEC900509779 /* CatAPP.xcdatamodel */ = {isa = PBXFileReference; lastKnownFileType = wrapper.xcdatamodel; path = CatAPP.xcdatamodel; sourceTree = "<group>"; };
		4A94017A2A93CF5100509779 /* CoreDataManager.swift */ = {isa = PBXFileReference; lastKnownFileType = sourcecode.swift; path = CoreDataManager.swift; sourceTree = "<group>"; };
		4ACB9C532AA0F36800972680 /* CatBreeds.swift */ = {isa = PBXFileReference; lastKnownFileType = sourcecode.swift; path = CatBreeds.swift; sourceTree = "<group>"; };
		4ACEA5502A9D07A500596968 /* EndpointBuilder.swift */ = {isa = PBXFileReference; lastKnownFileType = sourcecode.swift; path = EndpointBuilder.swift; sourceTree = "<group>"; };
		4ACEA5572A9E449700596968 /* NetworkMonitor.swift */ = {isa = PBXFileReference; lastKnownFileType = sourcecode.swift; path = NetworkMonitor.swift; sourceTree = "<group>"; };
		4ACEA5592A9E45E700596968 /* NoInternetView.swift */ = {isa = PBXFileReference; lastKnownFileType = sourcecode.swift; path = NoInternetView.swift; sourceTree = "<group>"; };
		4AD5903E2AA2646E00717328 /* InfiniteScrollingView.swift */ = {isa = PBXFileReference; lastKnownFileType = sourcecode.swift; path = InfiniteScrollingView.swift; sourceTree = "<group>"; };
		4AEBEFFE2A8BD3DB00A6DBF7 /* CatAPP.app */ = {isa = PBXFileReference; explicitFileType = wrapper.application; includeInIndex = 0; path = CatAPP.app; sourceTree = BUILT_PRODUCTS_DIR; };
		4AEBF0012A8BD3DB00A6DBF7 /* CatAPPApp.swift */ = {isa = PBXFileReference; lastKnownFileType = sourcecode.swift; path = CatAPPApp.swift; sourceTree = "<group>"; };
		4AEBF0032A8BD3DB00A6DBF7 /* ContentView.swift */ = {isa = PBXFileReference; lastKnownFileType = sourcecode.swift; path = ContentView.swift; sourceTree = "<group>"; };
		4AEBF0052A8BD3DD00A6DBF7 /* Assets.xcassets */ = {isa = PBXFileReference; lastKnownFileType = folder.assetcatalog; path = Assets.xcassets; sourceTree = "<group>"; };
		4AEBF0082A8BD3DD00A6DBF7 /* Preview Assets.xcassets */ = {isa = PBXFileReference; lastKnownFileType = folder.assetcatalog; path = "Preview Assets.xcassets"; sourceTree = "<group>"; };
		4AEBF0202A8D2A8D00A6DBF7 /* TabNavigationView.swift */ = {isa = PBXFileReference; lastKnownFileType = sourcecode.swift; path = TabNavigationView.swift; sourceTree = "<group>"; };
		4AEBF0222A8D2A9D00A6DBF7 /* CatView.swift */ = {isa = PBXFileReference; lastKnownFileType = sourcecode.swift; path = CatView.swift; sourceTree = "<group>"; };
		4AEBF0242A8D2AA400A6DBF7 /* RandomCatView.swift */ = {isa = PBXFileReference; lastKnownFileType = sourcecode.swift; path = RandomCatView.swift; sourceTree = "<group>"; };
		4AEBF0262A8D2B5E00A6DBF7 /* Constants.swift */ = {isa = PBXFileReference; lastKnownFileType = sourcecode.swift; path = Constants.swift; sourceTree = "<group>"; };
/* End PBXFileReference section */

/* Begin PBXFrameworksBuildPhase section */
		4AEBEFFB2A8BD3DB00A6DBF7 /* Frameworks */ = {
			isa = PBXFrameworksBuildPhase;
			buildActionMask = 2147483647;
			files = (
			);
			runOnlyForDeploymentPostprocessing = 0;
		};
/* End PBXFrameworksBuildPhase section */

/* Begin PBXGroup section */
		4A0B135F2AB8CDAF001829FC /* CatCardContainer */ = {
			isa = PBXGroup;
			children = (
				4A701C902A93BB9900CFB002 /* CatCardView.swift */,
				4A80BDAA2AB10F8E00BEFEB0 /* CatCardContainerViewModel.swift */,
				4A701C8E2A93BB9100CFB002 /* CatCardContainerView.swift */,
			);
			path = CatCardContainer;
			sourceTree = "<group>";
		};
		4A0B13602AB8CDBF001829FC /* RandomCat */ = {
			isa = PBXGroup;
			children = (
				4A490AE02A9CFDD200605AC1 /* RandomCatViewModel.swift */,
				4AEBF0242A8D2AA400A6DBF7 /* RandomCatView.swift */,
			);
			path = RandomCat;
			sourceTree = "<group>";
		};
		4A0B13612AB8CDD3001829FC /* CatDetails */ = {
			isa = PBXGroup;
			children = (
				4A8D85D62A8E95F4007A7F7C /* CatDetailsView.swift */,
				4A8D85DC2A8EAE7F007A7F7C /* CatDetailViewModel.swift */,
			);
			path = CatDetails;
			sourceTree = "<group>";
		};
		4A0B13622AB8CDEB001829FC /* InfiniteScroll */ = {
			isa = PBXGroup;
			children = (
				4AD5903E2AA2646E00717328 /* InfiniteScrollingView.swift */,
				4A597F912AA68600009FE392 /* CatTagViewModel.swift */,
			);
			path = InfiniteScroll;
			sourceTree = "<group>";
		};
		4A0B13632AB8CDFF001829FC /* ShowCatDetails */ = {
			isa = PBXGroup;
			children = (
				4A80BDB22AB1348300BEFEB0 /* UpdateCatViewModel.swift */,
				4A21FF882A954FD60053D7E1 /* ShowCatDetailsView.swift */,
			);
			path = ShowCatDetails;
			sourceTree = "<group>";
		};
		4A0B13642AB8CE10001829FC /* CatList */ = {
			isa = PBXGroup;
			children = (
				4A80BDB02AB125C700BEFEB0 /* CatListViewModel.swift */,
				4AEBF0222A8D2A9D00A6DBF7 /* CatView.swift */,
			);
			path = CatList;
			sourceTree = "<group>";
		};
		4A490AE22A9CFE8000605AC1 /* Network */ = {
			isa = PBXGroup;
			children = (
				4A490AE32A9CFE8C00605AC1 /* Decoder.swift */,
				4A490AE52A9CFEA800605AC1 /* NetworkManager.swift */,
				4ACEA5502A9D07A500596968 /* EndpointBuilder.swift */,
				4ACEA5572A9E449700596968 /* NetworkMonitor.swift */,
			);
			path = Network;
			sourceTree = "<group>";
		};
		4A9401762A93CE8D00509779 /* CoreData */ = {
			isa = PBXGroup;
			children = (
				4A3D2E412AA8F54000B372F8 /* Vaccine+CoreDataClass.swift */,
				4A3D2E422AA8F54000B372F8 /* Vaccine+CoreDataProperties.swift */,
				4A94017A2A93CF5100509779 /* CoreDataManager.swift */,
				4A6963B32A97D2DE00EC5049 /* Cat.swift */,
				4A6963B52A97D2FD00EC5049 /* CatObject+Extension.swift */,
			);
			path = CoreData;
			sourceTree = "<group>";
		};
		4AEBEFF52A8BD3DB00A6DBF7 = {
			isa = PBXGroup;
			children = (
				4AEBF0002A8BD3DB00A6DBF7 /* CatAPP */,
				4AEBEFFF2A8BD3DB00A6DBF7 /* Products */,
			);
			sourceTree = "<group>";
		};
		4AEBEFFF2A8BD3DB00A6DBF7 /* Products */ = {
			isa = PBXGroup;
			children = (
				4AEBEFFE2A8BD3DB00A6DBF7 /* CatAPP.app */,
			);
			name = Products;
			sourceTree = "<group>";
		};
		4AEBF0002A8BD3DB00A6DBF7 /* CatAPP */ = {
			isa = PBXGroup;
			children = (
				4A490AE22A9CFE8000605AC1 /* Network */,
				4A9401762A93CE8D00509779 /* CoreData */,
				4AEBF01A2A8D275100A6DBF7 /* Utils */,
				4AEBF0152A8D261700A6DBF7 /* Components */,
				4AEBF0132A8D25FD00A6DBF7 /* Models */,
				4AEBF0122A8D25F700A6DBF7 /* Views */,
				4AEBF00F2A8D25DF00A6DBF7 /* Navigation */,
				4AEBF0012A8BD3DB00A6DBF7 /* CatAPPApp.swift */,
				4AEBF0032A8BD3DB00A6DBF7 /* ContentView.swift */,
				4AEBF0052A8BD3DD00A6DBF7 /* Assets.xcassets */,
				4AEBF0072A8BD3DD00A6DBF7 /* Preview Content */,
				4A9401772A93CEC900509779 /* CatAPP.xcdatamodeld */,
			);
			path = CatAPP;
			sourceTree = "<group>";
		};
		4AEBF0072A8BD3DD00A6DBF7 /* Preview Content */ = {
			isa = PBXGroup;
			children = (
				4AEBF0082A8BD3DD00A6DBF7 /* Preview Assets.xcassets */,
			);
			path = "Preview Content";
			sourceTree = "<group>";
		};
		4AEBF00F2A8D25DF00A6DBF7 /* Navigation */ = {
			isa = PBXGroup;
			children = (
				4AEBF0202A8D2A8D00A6DBF7 /* TabNavigationView.swift */,
			);
			path = Navigation;
			sourceTree = "<group>";
		};
		4AEBF0122A8D25F700A6DBF7 /* Views */ = {
			isa = PBXGroup;
			children = (
				4A0B13642AB8CE10001829FC /* CatList */,
				4A0B13632AB8CDFF001829FC /* ShowCatDetails */,
				4A0B13622AB8CDEB001829FC /* InfiniteScroll */,
				4A0B13612AB8CDD3001829FC /* CatDetails */,
				4A0B13602AB8CDBF001829FC /* RandomCat */,
				4A0B135F2AB8CDAF001829FC /* CatCardContainer */,
				4ACEA5592A9E45E700596968 /* NoInternetView.swift */,
			);
			path = Views;
			sourceTree = "<group>";
		};
		4AEBF0132A8D25FD00A6DBF7 /* Models */ = {
			isa = PBXGroup;
			children = (
				4A3D2E3F2AA8F44A00B372F8 /* PetVaccineModel.swift */,
				4A8D85DA2A8EAD7A007A7F7C /* PetModel.swift */,
				4A490ADE2A9CF97D00605AC1 /* RandomCatModel.swift */,
				4A597F932AA68824009FE392 /* CatTagModel.swift */,
			);
			path = Models;
			sourceTree = "<group>";
		};
		4AEBF0152A8D261700A6DBF7 /* Components */ = {
			isa = PBXGroup;
			children = (
				4A8D85DE2A8EBECC007A7F7C /* PhotoPicker.swift */,
			);
			path = Components;
			sourceTree = "<group>";
		};
		4AEBF01A2A8D275100A6DBF7 /* Utils */ = {
			isa = PBXGroup;
			children = (
				4AEBF0262A8D2B5E00A6DBF7 /* Constants.swift */,
				4A3D2E452AA8F55A00B372F8 /* CatVaccines.swift */,
				4ACB9C532AA0F36800972680 /* CatBreeds.swift */,
			);
			path = Utils;
			sourceTree = "<group>";
		};
/* End PBXGroup section */

/* Begin PBXNativeTarget section */
		4AEBEFFD2A8BD3DB00A6DBF7 /* CatAPP */ = {
			isa = PBXNativeTarget;
			buildConfigurationList = 4AEBF00C2A8BD3DD00A6DBF7 /* Build configuration list for PBXNativeTarget "CatAPP" */;
			buildPhases = (
				4AEBEFFA2A8BD3DB00A6DBF7 /* Sources */,
				4AEBEFFB2A8BD3DB00A6DBF7 /* Frameworks */,
				4AEBEFFC2A8BD3DB00A6DBF7 /* Resources */,
				4A8D85D32A8D410C007A7F7C /* ShellScript */,
			);
			buildRules = (
			);
			dependencies = (
			);
			name = CatAPP;
			productName = CatAPP;
			productReference = 4AEBEFFE2A8BD3DB00A6DBF7 /* CatAPP.app */;
			productType = "com.apple.product-type.application";
		};
/* End PBXNativeTarget section */

/* Begin PBXProject section */
		4AEBEFF62A8BD3DB00A6DBF7 /* Project object */ = {
			isa = PBXProject;
			attributes = {
				BuildIndependentTargetsInParallel = 1;
				LastSwiftUpdateCheck = 1430;
				LastUpgradeCheck = 1430;
				TargetAttributes = {
					4AEBEFFD2A8BD3DB00A6DBF7 = {
						CreatedOnToolsVersion = 14.3.1;
					};
				};
			};
			buildConfigurationList = 4AEBEFF92A8BD3DB00A6DBF7 /* Build configuration list for PBXProject "CatAPP" */;
			compatibilityVersion = "Xcode 14.0";
			developmentRegion = en;
			hasScannedForEncodings = 0;
			knownRegions = (
				en,
				Base,
			);
			mainGroup = 4AEBEFF52A8BD3DB00A6DBF7;
			productRefGroup = 4AEBEFFF2A8BD3DB00A6DBF7 /* Products */;
			projectDirPath = "";
			projectRoot = "";
			targets = (
				4AEBEFFD2A8BD3DB00A6DBF7 /* CatAPP */,
			);
		};
/* End PBXProject section */

/* Begin PBXResourcesBuildPhase section */
		4AEBEFFC2A8BD3DB00A6DBF7 /* Resources */ = {
			isa = PBXResourcesBuildPhase;
			buildActionMask = 2147483647;
			files = (
				4AEBF0092A8BD3DD00A6DBF7 /* Preview Assets.xcassets in Resources */,
				4AEBF0062A8BD3DD00A6DBF7 /* Assets.xcassets in Resources */,
			);
			runOnlyForDeploymentPostprocessing = 0;
		};
/* End PBXResourcesBuildPhase section */

/* Begin PBXShellScriptBuildPhase section */
		4A8D85D32A8D410C007A7F7C /* ShellScript */ = {
			isa = PBXShellScriptBuildPhase;
			alwaysOutOfDate = 1;
			buildActionMask = 2147483647;
			files = (
			);
			inputFileListPaths = (
			);
			inputPaths = (
			);
			outputFileListPaths = (
			);
			outputPaths = (
			);
			runOnlyForDeploymentPostprocessing = 0;
			shellPath = /bin/sh;
			shellScript = "export PATH=\"/opt/homebrew/bin:$PATH\"\nif which swiftlint > /dev/null; then\n  swiftlint\nelse\n  echo \"warning: SwiftLint not installed, download from https://github.com/realm/SwiftLint\"\nfi\n";
		};
/* End PBXShellScriptBuildPhase section */

/* Begin PBXSourcesBuildPhase section */
		4AEBEFFA2A8BD3DB00A6DBF7 /* Sources */ = {
			isa = PBXSourcesBuildPhase;
			buildActionMask = 2147483647;
			files = (
				4ACEA5512A9D07A500596968 /* EndpointBuilder.swift in Sources */,
				4ACEA5582A9E449700596968 /* NetworkMonitor.swift in Sources */,
				4A490AE62A9CFEA800605AC1 /* NetworkManager.swift in Sources */,
				4A9401792A93CEC900509779 /* CatAPP.xcdatamodeld in Sources */,
				4ACEA55A2A9E45E700596968 /* NoInternetView.swift in Sources */,
				4A597F942AA68824009FE392 /* CatTagModel.swift in Sources */,
				4A701C8F2A93BB9100CFB002 /* CatCardContainerView.swift in Sources */,
				4ACB9C542AA0F36800972680 /* CatBreeds.swift in Sources */,
				4AD5903F2AA2646E00717328 /* InfiniteScrollingView.swift in Sources */,
				4A94017B2A93CF5100509779 /* CoreDataManager.swift in Sources */,
				4A597F922AA68600009FE392 /* CatTagViewModel.swift in Sources */,
				4A3D2E432AA8F54000B372F8 /* Vaccine+CoreDataClass.swift in Sources */,
				4A8D85DF2A8EBECC007A7F7C /* PhotoPicker.swift in Sources */,
				4A490ADF2A9CF97D00605AC1 /* RandomCatModel.swift in Sources */,
				4AEBF0042A8BD3DB00A6DBF7 /* ContentView.swift in Sources */,
				4AEBF0022A8BD3DB00A6DBF7 /* CatAPPApp.swift in Sources */,
				4A21FF892A954FD60053D7E1 /* ShowCatDetailsView.swift in Sources */,
				4A6963B62A97D2FD00EC5049 /* CatObject+Extension.swift in Sources */,
				4AEBF0252A8D2AA400A6DBF7 /* RandomCatView.swift in Sources */,
				4A80BDB12AB125C700BEFEB0 /* CatListViewModel.swift in Sources */,
				4A8D85DD2A8EAE7F007A7F7C /* CatDetailViewModel.swift in Sources */,
				4A8D85D72A8E95F4007A7F7C /* CatDetailsView.swift in Sources */,
				4A8D85DB2A8EAD7A007A7F7C /* PetModel.swift in Sources */,
				4A80BDB32AB1348300BEFEB0 /* UpdateCatViewModel.swift in Sources */,
				4AEBF0212A8D2A8D00A6DBF7 /* TabNavigationView.swift in Sources */,
				4A6963B42A97D2DE00EC5049 /* Cat.swift in Sources */,
				4A3D2E462AA8F55A00B372F8 /* CatVaccines.swift in Sources */,
				4A490AE12A9CFDD200605AC1 /* RandomCatViewModel.swift in Sources */,
				4A3D2E402AA8F44B00B372F8 /* PetVaccineModel.swift in Sources */,
				4A490AE42A9CFE8C00605AC1 /* Decoder.swift in Sources */,
				4AEBF0232A8D2A9D00A6DBF7 /* CatView.swift in Sources */,
				4AEBF0272A8D2B5E00A6DBF7 /* Constants.swift in Sources */,
				4A80BDAB2AB10F8E00BEFEB0 /* CatCardContainerViewModel.swift in Sources */,
				4A3D2E442AA8F54000B372F8 /* Vaccine+CoreDataProperties.swift in Sources */,
				4A701C912A93BB9900CFB002 /* CatCardView.swift in Sources */,
			);
			runOnlyForDeploymentPostprocessing = 0;
		};
/* End PBXSourcesBuildPhase section */

/* Begin XCBuildConfiguration section */
		4AEBF00A2A8BD3DD00A6DBF7 /* Debug */ = {
			isa = XCBuildConfiguration;
			buildSettings = {
				ALWAYS_SEARCH_USER_PATHS = NO;
				CLANG_ANALYZER_NONNULL = YES;
				CLANG_ANALYZER_NUMBER_OBJECT_CONVERSION = YES_AGGRESSIVE;
				CLANG_CXX_LANGUAGE_STANDARD = "gnu++20";
				CLANG_ENABLE_MODULES = YES;
				CLANG_ENABLE_OBJC_ARC = YES;
				CLANG_ENABLE_OBJC_WEAK = YES;
				CLANG_WARN_BLOCK_CAPTURE_AUTORELEASING = YES;
				CLANG_WARN_BOOL_CONVERSION = YES;
				CLANG_WARN_COMMA = YES;
				CLANG_WARN_CONSTANT_CONVERSION = YES;
				CLANG_WARN_DEPRECATED_OBJC_IMPLEMENTATIONS = YES;
				CLANG_WARN_DIRECT_OBJC_ISA_USAGE = YES_ERROR;
				CLANG_WARN_DOCUMENTATION_COMMENTS = YES;
				CLANG_WARN_EMPTY_BODY = YES;
				CLANG_WARN_ENUM_CONVERSION = YES;
				CLANG_WARN_INFINITE_RECURSION = YES;
				CLANG_WARN_INT_CONVERSION = YES;
				CLANG_WARN_NON_LITERAL_NULL_CONVERSION = YES;
				CLANG_WARN_OBJC_IMPLICIT_RETAIN_SELF = YES;
				CLANG_WARN_OBJC_LITERAL_CONVERSION = YES;
				CLANG_WARN_OBJC_ROOT_CLASS = YES_ERROR;
				CLANG_WARN_QUOTED_INCLUDE_IN_FRAMEWORK_HEADER = YES;
				CLANG_WARN_RANGE_LOOP_ANALYSIS = YES;
				CLANG_WARN_STRICT_PROTOTYPES = YES;
				CLANG_WARN_SUSPICIOUS_MOVE = YES;
				CLANG_WARN_UNGUARDED_AVAILABILITY = YES_AGGRESSIVE;
				CLANG_WARN_UNREACHABLE_CODE = YES;
				CLANG_WARN__DUPLICATE_METHOD_MATCH = YES;
				COPY_PHASE_STRIP = NO;
				DEBUG_INFORMATION_FORMAT = dwarf;
				ENABLE_STRICT_OBJC_MSGSEND = YES;
				ENABLE_TESTABILITY = YES;
				GCC_C_LANGUAGE_STANDARD = gnu11;
				GCC_DYNAMIC_NO_PIC = NO;
				GCC_NO_COMMON_BLOCKS = YES;
				GCC_OPTIMIZATION_LEVEL = 0;
				GCC_PREPROCESSOR_DEFINITIONS = (
					"DEBUG=1",
					"$(inherited)",
				);
				GCC_WARN_64_TO_32_BIT_CONVERSION = YES;
				GCC_WARN_ABOUT_RETURN_TYPE = YES_ERROR;
				GCC_WARN_UNDECLARED_SELECTOR = YES;
				GCC_WARN_UNINITIALIZED_AUTOS = YES_AGGRESSIVE;
				GCC_WARN_UNUSED_FUNCTION = YES;
				GCC_WARN_UNUSED_VARIABLE = YES;
				IPHONEOS_DEPLOYMENT_TARGET = 16.4;
				MTL_ENABLE_DEBUG_INFO = INCLUDE_SOURCE;
				MTL_FAST_MATH = YES;
				ONLY_ACTIVE_ARCH = YES;
				SDKROOT = iphoneos;
				SWIFT_ACTIVE_COMPILATION_CONDITIONS = DEBUG;
				SWIFT_OPTIMIZATION_LEVEL = "-Onone";
			};
			name = Debug;
		};
		4AEBF00B2A8BD3DD00A6DBF7 /* Release */ = {
			isa = XCBuildConfiguration;
			buildSettings = {
				ALWAYS_SEARCH_USER_PATHS = NO;
				CLANG_ANALYZER_NONNULL = YES;
				CLANG_ANALYZER_NUMBER_OBJECT_CONVERSION = YES_AGGRESSIVE;
				CLANG_CXX_LANGUAGE_STANDARD = "gnu++20";
				CLANG_ENABLE_MODULES = YES;
				CLANG_ENABLE_OBJC_ARC = YES;
				CLANG_ENABLE_OBJC_WEAK = YES;
				CLANG_WARN_BLOCK_CAPTURE_AUTORELEASING = YES;
				CLANG_WARN_BOOL_CONVERSION = YES;
				CLANG_WARN_COMMA = YES;
				CLANG_WARN_CONSTANT_CONVERSION = YES;
				CLANG_WARN_DEPRECATED_OBJC_IMPLEMENTATIONS = YES;
				CLANG_WARN_DIRECT_OBJC_ISA_USAGE = YES_ERROR;
				CLANG_WARN_DOCUMENTATION_COMMENTS = YES;
				CLANG_WARN_EMPTY_BODY = YES;
				CLANG_WARN_ENUM_CONVERSION = YES;
				CLANG_WARN_INFINITE_RECURSION = YES;
				CLANG_WARN_INT_CONVERSION = YES;
				CLANG_WARN_NON_LITERAL_NULL_CONVERSION = YES;
				CLANG_WARN_OBJC_IMPLICIT_RETAIN_SELF = YES;
				CLANG_WARN_OBJC_LITERAL_CONVERSION = YES;
				CLANG_WARN_OBJC_ROOT_CLASS = YES_ERROR;
				CLANG_WARN_QUOTED_INCLUDE_IN_FRAMEWORK_HEADER = YES;
				CLANG_WARN_RANGE_LOOP_ANALYSIS = YES;
				CLANG_WARN_STRICT_PROTOTYPES = YES;
				CLANG_WARN_SUSPICIOUS_MOVE = YES;
				CLANG_WARN_UNGUARDED_AVAILABILITY = YES_AGGRESSIVE;
				CLANG_WARN_UNREACHABLE_CODE = YES;
				CLANG_WARN__DUPLICATE_METHOD_MATCH = YES;
				COPY_PHASE_STRIP = NO;
				DEBUG_INFORMATION_FORMAT = "dwarf-with-dsym";
				ENABLE_NS_ASSERTIONS = NO;
				ENABLE_STRICT_OBJC_MSGSEND = YES;
				GCC_C_LANGUAGE_STANDARD = gnu11;
				GCC_NO_COMMON_BLOCKS = YES;
				GCC_WARN_64_TO_32_BIT_CONVERSION = YES;
				GCC_WARN_ABOUT_RETURN_TYPE = YES_ERROR;
				GCC_WARN_UNDECLARED_SELECTOR = YES;
				GCC_WARN_UNINITIALIZED_AUTOS = YES_AGGRESSIVE;
				GCC_WARN_UNUSED_FUNCTION = YES;
				GCC_WARN_UNUSED_VARIABLE = YES;
				IPHONEOS_DEPLOYMENT_TARGET = 16.4;
				MTL_ENABLE_DEBUG_INFO = NO;
				MTL_FAST_MATH = YES;
				SDKROOT = iphoneos;
				SWIFT_COMPILATION_MODE = wholemodule;
				SWIFT_OPTIMIZATION_LEVEL = "-O";
				VALIDATE_PRODUCT = YES;
			};
			name = Release;
		};
		4AEBF00D2A8BD3DD00A6DBF7 /* Debug */ = {
			isa = XCBuildConfiguration;
			buildSettings = {
				ASSETCATALOG_COMPILER_APPICON_NAME = AppIcon;
				ASSETCATALOG_COMPILER_GLOBAL_ACCENT_COLOR_NAME = AccentColor;
				CODE_SIGN_STYLE = Automatic;
				CURRENT_PROJECT_VERSION = 1;
				DEVELOPMENT_ASSET_PATHS = "\"CatAPP/Preview Content\"";
				DEVELOPMENT_TEAM = 5UHQHHLNGV;
				ENABLE_PREVIEWS = YES;
				GENERATE_INFOPLIST_FILE = YES;
				INFOPLIST_KEY_UIApplicationSceneManifest_Generation = YES;
				INFOPLIST_KEY_UIApplicationSupportsIndirectInputEvents = YES;
				INFOPLIST_KEY_UILaunchScreen_Generation = YES;
				INFOPLIST_KEY_UISupportedInterfaceOrientations_iPad = "UIInterfaceOrientationPortrait UIInterfaceOrientationPortraitUpsideDown UIInterfaceOrientationLandscapeLeft UIInterfaceOrientationLandscapeRight";
				INFOPLIST_KEY_UISupportedInterfaceOrientations_iPhone = "UIInterfaceOrientationPortrait UIInterfaceOrientationLandscapeLeft UIInterfaceOrientationLandscapeRight";
				LD_RUNPATH_SEARCH_PATHS = (
					"$(inherited)",
					"@executable_path/Frameworks",
				);
				MARKETING_VERSION = 1.0;
				PRODUCT_BUNDLE_IDENTIFIER = com.moises.CatAPP;
				PRODUCT_NAME = "$(TARGET_NAME)";
				SWIFT_EMIT_LOC_STRINGS = YES;
				SWIFT_VERSION = 5.0;
				TARGETED_DEVICE_FAMILY = "1,2";
			};
			name = Debug;
		};
		4AEBF00E2A8BD3DD00A6DBF7 /* Release */ = {
			isa = XCBuildConfiguration;
			buildSettings = {
				ASSETCATALOG_COMPILER_APPICON_NAME = AppIcon;
				ASSETCATALOG_COMPILER_GLOBAL_ACCENT_COLOR_NAME = AccentColor;
				CODE_SIGN_STYLE = Automatic;
				CURRENT_PROJECT_VERSION = 1;
				DEVELOPMENT_ASSET_PATHS = "\"CatAPP/Preview Content\"";
				DEVELOPMENT_TEAM = 5UHQHHLNGV;
				ENABLE_PREVIEWS = YES;
				GENERATE_INFOPLIST_FILE = YES;
				INFOPLIST_KEY_UIApplicationSceneManifest_Generation = YES;
				INFOPLIST_KEY_UIApplicationSupportsIndirectInputEvents = YES;
				INFOPLIST_KEY_UILaunchScreen_Generation = YES;
				INFOPLIST_KEY_UISupportedInterfaceOrientations_iPad = "UIInterfaceOrientationPortrait UIInterfaceOrientationPortraitUpsideDown UIInterfaceOrientationLandscapeLeft UIInterfaceOrientationLandscapeRight";
				INFOPLIST_KEY_UISupportedInterfaceOrientations_iPhone = "UIInterfaceOrientationPortrait UIInterfaceOrientationLandscapeLeft UIInterfaceOrientationLandscapeRight";
				LD_RUNPATH_SEARCH_PATHS = (
					"$(inherited)",
					"@executable_path/Frameworks",
				);
				MARKETING_VERSION = 1.0;
				PRODUCT_BUNDLE_IDENTIFIER = com.moises.CatAPP;
				PRODUCT_NAME = "$(TARGET_NAME)";
				SWIFT_EMIT_LOC_STRINGS = YES;
				SWIFT_VERSION = 5.0;
				TARGETED_DEVICE_FAMILY = "1,2";
			};
			name = Release;
		};
/* End XCBuildConfiguration section */

/* Begin XCConfigurationList section */
		4AEBEFF92A8BD3DB00A6DBF7 /* Build configuration list for PBXProject "CatAPP" */ = {
			isa = XCConfigurationList;
			buildConfigurations = (
				4AEBF00A2A8BD3DD00A6DBF7 /* Debug */,
				4AEBF00B2A8BD3DD00A6DBF7 /* Release */,
			);
			defaultConfigurationIsVisible = 0;
			defaultConfigurationName = Release;
		};
		4AEBF00C2A8BD3DD00A6DBF7 /* Build configuration list for PBXNativeTarget "CatAPP" */ = {
			isa = XCConfigurationList;
			buildConfigurations = (
				4AEBF00D2A8BD3DD00A6DBF7 /* Debug */,
				4AEBF00E2A8BD3DD00A6DBF7 /* Release */,
			);
			defaultConfigurationIsVisible = 0;
			defaultConfigurationName = Release;
		};
/* End XCConfigurationList section */

/* Begin XCVersionGroup section */
		4A9401772A93CEC900509779 /* CatAPP.xcdatamodeld */ = {
			isa = XCVersionGroup;
			children = (
				4A9401782A93CEC900509779 /* CatAPP.xcdatamodel */,
			);
			currentVersion = 4A9401782A93CEC900509779 /* CatAPP.xcdatamodel */;
			path = CatAPP.xcdatamodeld;
			sourceTree = "<group>";
			versionGroupType = wrapper.xcdatamodel;
		};
/* End XCVersionGroup section */
	};
	rootObject = 4AEBEFF62A8BD3DB00A6DBF7 /* Project object */;
}
